// !$*UTF8*$!
{
	archiveVersion = 1;
	classes = {
	};
	objectVersion = 50;
	objects = {

/* Begin PBXBuildFile section */
		7BD06C072450414800355158 /* AppDelegate.swift in Sources */ = {isa = PBXBuildFile; fileRef = 7BD06C062450414800355158 /* AppDelegate.swift */; };
		7BD06C092450414800355158 /* SceneDelegate.swift in Sources */ = {isa = PBXBuildFile; fileRef = 7BD06C082450414800355158 /* SceneDelegate.swift */; };
		7BD06C102450414900355158 /* Assets.xcassets in Resources */ = {isa = PBXBuildFile; fileRef = 7BD06C0F2450414900355158 /* Assets.xcassets */; };
		7BD06C132450414900355158 /* LaunchScreen.storyboard in Resources */ = {isa = PBXBuildFile; fileRef = 7BD06C112450414900355158 /* LaunchScreen.storyboard */; };
		7BD06C262450435300355158 /* WTBasicViewController.swift in Sources */ = {isa = PBXBuildFile; fileRef = 7BD06C252450435300355158 /* WTBasicViewController.swift */; };
		7BD06C282450437F00355158 /* WTMainViewController.swift in Sources */ = {isa = PBXBuildFile; fileRef = 7BD06C272450437F00355158 /* WTMainViewController.swift */; };
		7BD06C2A245043A100355158 /* WTHomeViewController.swift in Sources */ = {isa = PBXBuildFile; fileRef = 7BD06C29245043A100355158 /* WTHomeViewController.swift */; };
		7BD06C2C245043B000355158 /* WTMessageViewController.swift in Sources */ = {isa = PBXBuildFile; fileRef = 7BD06C2B245043B000355158 /* WTMessageViewController.swift */; };
		7BD06C2E245043BC00355158 /* WTDiscoverViewController.swift in Sources */ = {isa = PBXBuildFile; fileRef = 7BD06C2D245043BC00355158 /* WTDiscoverViewController.swift */; };
		7BD06C30245043C900355158 /* WTProfileViewController.swift in Sources */ = {isa = PBXBuildFile; fileRef = 7BD06C2F245043C900355158 /* WTProfileViewController.swift */; };
		7BD06C3324504D1C00355158 /* String+Extension.swift in Sources */ = {isa = PBXBuildFile; fileRef = 7BD06C3224504D1C00355158 /* String+Extension.swift */; };
		7BD06C4E245065D700355158 /* UIColor+CZAddition.m in Sources */ = {isa = PBXBuildFile; fileRef = 7BD06C35245065D700355158 /* UIColor+CZAddition.m */; };
		7BD06C4F245065D700355158 /* UIView+CZAddition.m in Sources */ = {isa = PBXBuildFile; fileRef = 7BD06C36245065D700355158 /* UIView+CZAddition.m */; };
		7BD06C50245065D700355158 /* UIScreen+CZAddition.m in Sources */ = {isa = PBXBuildFile; fileRef = 7BD06C39245065D700355158 /* UIScreen+CZAddition.m */; };
		7BD06C51245065D700355158 /* UILabel+CZAddition.m in Sources */ = {isa = PBXBuildFile; fileRef = 7BD06C3B245065D700355158 /* UILabel+CZAddition.m */; };
		7BD06C52245065D700355158 /* NSString+CZBase64.m in Sources */ = {isa = PBXBuildFile; fileRef = 7BD06C3D245065D700355158 /* NSString+CZBase64.m */; };
		7BD06C53245065D700355158 /* NSString+CZPath.m in Sources */ = {isa = PBXBuildFile; fileRef = 7BD06C3E245065D700355158 /* NSString+CZPath.m */; };
		7BD06C54245065D700355158 /* UIButton+CZAddition.m in Sources */ = {isa = PBXBuildFile; fileRef = 7BD06C41245065D700355158 /* UIButton+CZAddition.m */; };
		7BD06C55245065D700355158 /* NSObject+CZRuntime.m in Sources */ = {isa = PBXBuildFile; fileRef = 7BD06C44245065D700355158 /* NSObject+CZRuntime.m */; };
		7BD06C56245065D700355158 /* UIViewController+CZAddition.m in Sources */ = {isa = PBXBuildFile; fileRef = 7BD06C47245065D700355158 /* UIViewController+CZAddition.m */; };
		7BD06C57245065D700355158 /* NSString+CZHash.m in Sources */ = {isa = PBXBuildFile; fileRef = 7BD06C48245065D700355158 /* NSString+CZHash.m */; };
		7BD06C58245065D700355158 /* NSAttributedString+CZAdditon.m in Sources */ = {isa = PBXBuildFile; fileRef = 7BD06C4B245065D700355158 /* NSAttributedString+CZAdditon.m */; };
		7BD06C59245065D700355158 /* NSArray+Log.m in Sources */ = {isa = PBXBuildFile; fileRef = 7BD06C4C245065D700355158 /* NSArray+Log.m */; };
/* End PBXBuildFile section */

/* Begin PBXFileReference section */
		7BD06C032450414800355158 /* Water.app */ = {isa = PBXFileReference; explicitFileType = wrapper.application; includeInIndex = 0; path = Water.app; sourceTree = BUILT_PRODUCTS_DIR; };
		7BD06C062450414800355158 /* AppDelegate.swift */ = {isa = PBXFileReference; lastKnownFileType = sourcecode.swift; path = AppDelegate.swift; sourceTree = "<group>"; };
		7BD06C082450414800355158 /* SceneDelegate.swift */ = {isa = PBXFileReference; lastKnownFileType = sourcecode.swift; path = SceneDelegate.swift; sourceTree = "<group>"; };
		7BD06C0F2450414900355158 /* Assets.xcassets */ = {isa = PBXFileReference; lastKnownFileType = folder.assetcatalog; path = Assets.xcassets; sourceTree = "<group>"; };
		7BD06C122450414900355158 /* Base */ = {isa = PBXFileReference; lastKnownFileType = file.storyboard; name = Base; path = Base.lproj/LaunchScreen.storyboard; sourceTree = "<group>"; };
		7BD06C142450414900355158 /* Info.plist */ = {isa = PBXFileReference; lastKnownFileType = text.plist.xml; path = Info.plist; sourceTree = "<group>"; };
		7BD06C252450435300355158 /* WTBasicViewController.swift */ = {isa = PBXFileReference; lastKnownFileType = sourcecode.swift; path = WTBasicViewController.swift; sourceTree = "<group>"; };
		7BD06C272450437F00355158 /* WTMainViewController.swift */ = {isa = PBXFileReference; lastKnownFileType = sourcecode.swift; path = WTMainViewController.swift; sourceTree = "<group>"; };
		7BD06C29245043A100355158 /* WTHomeViewController.swift */ = {isa = PBXFileReference; lastKnownFileType = sourcecode.swift; path = WTHomeViewController.swift; sourceTree = "<group>"; };
		7BD06C2B245043B000355158 /* WTMessageViewController.swift */ = {isa = PBXFileReference; lastKnownFileType = sourcecode.swift; path = WTMessageViewController.swift; sourceTree = "<group>"; };
		7BD06C2D245043BC00355158 /* WTDiscoverViewController.swift */ = {isa = PBXFileReference; lastKnownFileType = sourcecode.swift; path = WTDiscoverViewController.swift; sourceTree = "<group>"; };
		7BD06C2F245043C900355158 /* WTProfileViewController.swift */ = {isa = PBXFileReference; lastKnownFileType = sourcecode.swift; path = WTProfileViewController.swift; sourceTree = "<group>"; };
		7BD06C3224504D1C00355158 /* String+Extension.swift */ = {isa = PBXFileReference; lastKnownFileType = sourcecode.swift; path = "String+Extension.swift"; sourceTree = "<group>"; };
		7BD06C35245065D700355158 /* UIColor+CZAddition.m */ = {isa = PBXFileReference; fileEncoding = 4; lastKnownFileType = sourcecode.c.objc; path = "UIColor+CZAddition.m"; sourceTree = "<group>"; };
		7BD06C36245065D700355158 /* UIView+CZAddition.m */ = {isa = PBXFileReference; fileEncoding = 4; lastKnownFileType = sourcecode.c.objc; path = "UIView+CZAddition.m"; sourceTree = "<group>"; };
		7BD06C37245065D700355158 /* UIButton+CZAddition.h */ = {isa = PBXFileReference; fileEncoding = 4; lastKnownFileType = sourcecode.c.h; path = "UIButton+CZAddition.h"; sourceTree = "<group>"; };
		7BD06C38245065D700355158 /* NSString+CZHash.h */ = {isa = PBXFileReference; fileEncoding = 4; lastKnownFileType = sourcecode.c.h; path = "NSString+CZHash.h"; sourceTree = "<group>"; };
		7BD06C39245065D700355158 /* UIScreen+CZAddition.m */ = {isa = PBXFileReference; fileEncoding = 4; lastKnownFileType = sourcecode.c.objc; path = "UIScreen+CZAddition.m"; sourceTree = "<group>"; };
		7BD06C3A245065D700355158 /* UIViewController+CZAddition.h */ = {isa = PBXFileReference; fileEncoding = 4; lastKnownFileType = sourcecode.c.h; path = "UIViewController+CZAddition.h"; sourceTree = "<group>"; };
		7BD06C3B245065D700355158 /* UILabel+CZAddition.m */ = {isa = PBXFileReference; fileEncoding = 4; lastKnownFileType = sourcecode.c.objc; path = "UILabel+CZAddition.m"; sourceTree = "<group>"; };
		7BD06C3C245065D700355158 /* NSObject+CZRuntime.h */ = {isa = PBXFileReference; fileEncoding = 4; lastKnownFileType = sourcecode.c.h; path = "NSObject+CZRuntime.h"; sourceTree = "<group>"; };
		7BD06C3D245065D700355158 /* NSString+CZBase64.m */ = {isa = PBXFileReference; fileEncoding = 4; lastKnownFileType = sourcecode.c.objc; path = "NSString+CZBase64.m"; sourceTree = "<group>"; };
		7BD06C3E245065D700355158 /* NSString+CZPath.m */ = {isa = PBXFileReference; fileEncoding = 4; lastKnownFileType = sourcecode.c.objc; path = "NSString+CZPath.m"; sourceTree = "<group>"; };
		7BD06C3F245065D700355158 /* NSArray+Log.h */ = {isa = PBXFileReference; fileEncoding = 4; lastKnownFileType = sourcecode.c.h; path = "NSArray+Log.h"; sourceTree = "<group>"; };
		7BD06C40245065D700355158 /* NSAttributedString+CZAdditon.h */ = {isa = PBXFileReference; fileEncoding = 4; lastKnownFileType = sourcecode.c.h; path = "NSAttributedString+CZAdditon.h"; sourceTree = "<group>"; };
		7BD06C41245065D700355158 /* UIButton+CZAddition.m */ = {isa = PBXFileReference; fileEncoding = 4; lastKnownFileType = sourcecode.c.objc; path = "UIButton+CZAddition.m"; sourceTree = "<group>"; };
		7BD06C42245065D700355158 /* UIView+CZAddition.h */ = {isa = PBXFileReference; fileEncoding = 4; lastKnownFileType = sourcecode.c.h; path = "UIView+CZAddition.h"; sourceTree = "<group>"; };
		7BD06C43245065D700355158 /* UIColor+CZAddition.h */ = {isa = PBXFileReference; fileEncoding = 4; lastKnownFileType = sourcecode.c.h; path = "UIColor+CZAddition.h"; sourceTree = "<group>"; };
		7BD06C44245065D700355158 /* NSObject+CZRuntime.m */ = {isa = PBXFileReference; fileEncoding = 4; lastKnownFileType = sourcecode.c.objc; path = "NSObject+CZRuntime.m"; sourceTree = "<group>"; };
		7BD06C45245065D700355158 /* UILabel+CZAddition.h */ = {isa = PBXFileReference; fileEncoding = 4; lastKnownFileType = sourcecode.c.h; path = "UILabel+CZAddition.h"; sourceTree = "<group>"; };
		7BD06C46245065D700355158 /* UIScreen+CZAddition.h */ = {isa = PBXFileReference; fileEncoding = 4; lastKnownFileType = sourcecode.c.h; path = "UIScreen+CZAddition.h"; sourceTree = "<group>"; };
		7BD06C47245065D700355158 /* UIViewController+CZAddition.m */ = {isa = PBXFileReference; fileEncoding = 4; lastKnownFileType = sourcecode.c.objc; path = "UIViewController+CZAddition.m"; sourceTree = "<group>"; };
		7BD06C48245065D700355158 /* NSString+CZHash.m */ = {isa = PBXFileReference; fileEncoding = 4; lastKnownFileType = sourcecode.c.objc; path = "NSString+CZHash.m"; sourceTree = "<group>"; };
		7BD06C49245065D700355158 /* NSString+CZBase64.h */ = {isa = PBXFileReference; fileEncoding = 4; lastKnownFileType = sourcecode.c.h; path = "NSString+CZBase64.h"; sourceTree = "<group>"; };
		7BD06C4A245065D700355158 /* CZAdditions.h */ = {isa = PBXFileReference; fileEncoding = 4; lastKnownFileType = sourcecode.c.h; path = CZAdditions.h; sourceTree = "<group>"; };
		7BD06C4B245065D700355158 /* NSAttributedString+CZAdditon.m */ = {isa = PBXFileReference; fileEncoding = 4; lastKnownFileType = sourcecode.c.objc; path = "NSAttributedString+CZAdditon.m"; sourceTree = "<group>"; };
		7BD06C4C245065D700355158 /* NSArray+Log.m */ = {isa = PBXFileReference; fileEncoding = 4; lastKnownFileType = sourcecode.c.objc; path = "NSArray+Log.m"; sourceTree = "<group>"; };
		7BD06C4D245065D700355158 /* NSString+CZPath.h */ = {isa = PBXFileReference; fileEncoding = 4; lastKnownFileType = sourcecode.c.h; path = "NSString+CZPath.h"; sourceTree = "<group>"; };
		7BD06C5A2450660300355158 /* Objc_bridge.h */ = {isa = PBXFileReference; lastKnownFileType = sourcecode.c.h; path = Objc_bridge.h; sourceTree = "<group>"; };
/* End PBXFileReference section */

/* Begin PBXFrameworksBuildPhase section */
		7BD06C002450414800355158 /* Frameworks */ = {
			isa = PBXFrameworksBuildPhase;
			buildActionMask = 2147483647;
			files = (
			);
			runOnlyForDeploymentPostprocessing = 0;
		};
/* End PBXFrameworksBuildPhase section */

/* Begin PBXGroup section */
		7BD06BFA2450414800355158 = {
			isa = PBXGroup;
			children = (
				7BD06C052450414800355158 /* Water */,
				7BD06C042450414800355158 /* Products */,
			);
			sourceTree = "<group>";
		};
		7BD06C042450414800355158 /* Products */ = {
			isa = PBXGroup;
			children = (
				7BD06C032450414800355158 /* Water.app */,
			);
			name = Products;
			sourceTree = "<group>";
		};
		7BD06C052450414800355158 /* Water */ = {
			isa = PBXGroup;
			children = (
				7BD06C1B2450426000355158 /* ViewController */,
				7BD06C1A2450425500355158 /* View */,
				7BD06C1D2450427000355158 /* Model */,
				7BD06C1C2450426800355158 /* Tools */,
				7BD06C062450414800355158 /* AppDelegate.swift */,
				7BD06C5A2450660300355158 /* Objc_bridge.h */,
				7BD06C082450414800355158 /* SceneDelegate.swift */,
				7BD06C0F2450414900355158 /* Assets.xcassets */,
				7BD06C112450414900355158 /* LaunchScreen.storyboard */,
				7BD06C142450414900355158 /* Info.plist */,
			);
			path = Water;
			sourceTree = "<group>";
		};
		7BD06C1A2450425500355158 /* View */ = {
			isa = PBXGroup;
			children = (
			);
			path = View;
			sourceTree = "<group>";
		};
		7BD06C1B2450426000355158 /* ViewController */ = {
			isa = PBXGroup;
			children = (
				7BD06C1F245042C700355158 /* Main */,
				7BD06C20245042C700355158 /* Home */,
				7BD06C21245042C700355158 /* Message */,
				7BD06C1E245042C700355158 /* Discover */,
				7BD06C22245042C700355158 /* Profile */,
			);
			path = ViewController;
			sourceTree = "<group>";
		};
		7BD06C1C2450426800355158 /* Tools */ = {
			isa = PBXGroup;
			children = (
				7BD06C34245065D700355158 /* Additions */,
				7BD06C3124504D0900355158 /* Extensions */,
			);
			path = Tools;
			sourceTree = "<group>";
		};
		7BD06C1D2450427000355158 /* Model */ = {
			isa = PBXGroup;
			children = (
			);
			path = Model;
			sourceTree = "<group>";
		};
		7BD06C1E245042C700355158 /* Discover */ = {
			isa = PBXGroup;
			children = (
				7BD06C2D245043BC00355158 /* WTDiscoverViewController.swift */,
			);
			path = Discover;
			sourceTree = "<group>";
		};
		7BD06C1F245042C700355158 /* Main */ = {
			isa = PBXGroup;
			children = (
				7BD06C272450437F00355158 /* WTMainViewController.swift */,
				7BD06C252450435300355158 /* WTBasicViewController.swift */,
			);
			path = Main;
			sourceTree = "<group>";
		};
		7BD06C20245042C700355158 /* Home */ = {
			isa = PBXGroup;
			children = (
				7BD06C29245043A100355158 /* WTHomeViewController.swift */,
			);
			path = Home;
			sourceTree = "<group>";
		};
		7BD06C21245042C700355158 /* Message */ = {
			isa = PBXGroup;
			children = (
				7BD06C2B245043B000355158 /* WTMessageViewController.swift */,
			);
			path = Message;
			sourceTree = "<group>";
		};
		7BD06C22245042C700355158 /* Profile */ = {
			isa = PBXGroup;
			children = (
				7BD06C2F245043C900355158 /* WTProfileViewController.swift */,
			);
			path = Profile;
			sourceTree = "<group>";
		};
		7BD06C3124504D0900355158 /* Extensions */ = {
			isa = PBXGroup;
			children = (
				7BD06C3224504D1C00355158 /* String+Extension.swift */,
			);
			path = Extensions;
			sourceTree = "<group>";
		};
		7BD06C34245065D700355158 /* Additions */ = {
			isa = PBXGroup;
			children = (
				7BD06C35245065D700355158 /* UIColor+CZAddition.m */,
				7BD06C36245065D700355158 /* UIView+CZAddition.m */,
				7BD06C37245065D700355158 /* UIButton+CZAddition.h */,
				7BD06C38245065D700355158 /* NSString+CZHash.h */,
				7BD06C39245065D700355158 /* UIScreen+CZAddition.m */,
				7BD06C3A245065D700355158 /* UIViewController+CZAddition.h */,
				7BD06C3B245065D700355158 /* UILabel+CZAddition.m */,
				7BD06C3C245065D700355158 /* NSObject+CZRuntime.h */,
				7BD06C3D245065D700355158 /* NSString+CZBase64.m */,
				7BD06C3E245065D700355158 /* NSString+CZPath.m */,
				7BD06C3F245065D700355158 /* NSArray+Log.h */,
				7BD06C40245065D700355158 /* NSAttributedString+CZAdditon.h */,
				7BD06C41245065D700355158 /* UIButton+CZAddition.m */,
				7BD06C42245065D700355158 /* UIView+CZAddition.h */,
				7BD06C43245065D700355158 /* UIColor+CZAddition.h */,
				7BD06C44245065D700355158 /* NSObject+CZRuntime.m */,
				7BD06C45245065D700355158 /* UILabel+CZAddition.h */,
				7BD06C46245065D700355158 /* UIScreen+CZAddition.h */,
				7BD06C47245065D700355158 /* UIViewController+CZAddition.m */,
				7BD06C48245065D700355158 /* NSString+CZHash.m */,
				7BD06C49245065D700355158 /* NSString+CZBase64.h */,
				7BD06C4A245065D700355158 /* CZAdditions.h */,
				7BD06C4B245065D700355158 /* NSAttributedString+CZAdditon.m */,
				7BD06C4C245065D700355158 /* NSArray+Log.m */,
				7BD06C4D245065D700355158 /* NSString+CZPath.h */,
			);
			path = Additions;
			sourceTree = "<group>";
		};
/* End PBXGroup section */

/* Begin PBXNativeTarget section */
		7BD06C022450414800355158 /* Water */ = {
			isa = PBXNativeTarget;
			buildConfigurationList = 7BD06C172450414900355158 /* Build configuration list for PBXNativeTarget "Water" */;
			buildPhases = (
				7BD06BFF2450414800355158 /* Sources */,
				7BD06C002450414800355158 /* Frameworks */,
				7BD06C012450414800355158 /* Resources */,
			);
			buildRules = (
			);
			dependencies = (
			);
			name = Water;
			productName = Water;
			productReference = 7BD06C032450414800355158 /* Water.app */;
			productType = "com.apple.product-type.application";
		};
/* End PBXNativeTarget section */

/* Begin PBXProject section */
		7BD06BFB2450414800355158 /* Project object */ = {
			isa = PBXProject;
			attributes = {
				CLASSPREFIX = WT;
				LastSwiftUpdateCheck = 1140;
				LastUpgradeCheck = 1140;
				ORGANIZATIONNAME = jinzhanjun;
				TargetAttributes = {
					7BD06C022450414800355158 = {
						CreatedOnToolsVersion = 11.4.1;
					};
				};
			};
			buildConfigurationList = 7BD06BFE2450414800355158 /* Build configuration list for PBXProject "Water" */;
			compatibilityVersion = "Xcode 9.3";
			developmentRegion = en;
			hasScannedForEncodings = 0;
			knownRegions = (
				en,
				Base,
			);
			mainGroup = 7BD06BFA2450414800355158;
			productRefGroup = 7BD06C042450414800355158 /* Products */;
			projectDirPath = "";
			projectRoot = "";
			targets = (
				7BD06C022450414800355158 /* Water */,
			);
		};
/* End PBXProject section */

/* Begin PBXResourcesBuildPhase section */
		7BD06C012450414800355158 /* Resources */ = {
			isa = PBXResourcesBuildPhase;
			buildActionMask = 2147483647;
			files = (
				7BD06C132450414900355158 /* LaunchScreen.storyboard in Resources */,
				7BD06C102450414900355158 /* Assets.xcassets in Resources */,
			);
			runOnlyForDeploymentPostprocessing = 0;
		};
/* End PBXResourcesBuildPhase section */

/* Begin PBXSourcesBuildPhase section */
		7BD06BFF2450414800355158 /* Sources */ = {
			isa = PBXSourcesBuildPhase;
			buildActionMask = 2147483647;
			files = (
				7BD06C4F245065D700355158 /* UIView+CZAddition.m in Sources */,
				7BD06C53245065D700355158 /* NSString+CZPath.m in Sources */,
				7BD06C4E245065D700355158 /* UIColor+CZAddition.m in Sources */,
				7BD06C282450437F00355158 /* WTMainViewController.swift in Sources */,
				7BD06C52245065D700355158 /* NSString+CZBase64.m in Sources */,
				7BD06C3324504D1C00355158 /* String+Extension.swift in Sources */,
				7BD06C51245065D700355158 /* UILabel+CZAddition.m in Sources */,
				7BD06C55245065D700355158 /* NSObject+CZRuntime.m in Sources */,
				7BD06C072450414800355158 /* AppDelegate.swift in Sources */,
				7BD06C56245065D700355158 /* UIViewController+CZAddition.m in Sources */,
				7BD06C092450414800355158 /* SceneDelegate.swift in Sources */,
				7BD06C30245043C900355158 /* WTProfileViewController.swift in Sources */,
				7BD06C58245065D700355158 /* NSAttributedString+CZAdditon.m in Sources */,
				7BD06C2E245043BC00355158 /* WTDiscoverViewController.swift in Sources */,
				7BD06C2C245043B000355158 /* WTMessageViewController.swift in Sources */,
				7BD06C59245065D700355158 /* NSArray+Log.m in Sources */,
				7BD06C2A245043A100355158 /* WTHomeViewController.swift in Sources */,
				7BD06C57245065D700355158 /* NSString+CZHash.m in Sources */,
				7BD06C50245065D700355158 /* UIScreen+CZAddition.m in Sources */,
				7BD06C54245065D700355158 /* UIButton+CZAddition.m in Sources */,
				7BD06C262450435300355158 /* WTBasicViewController.swift in Sources */,
			);
			runOnlyForDeploymentPostprocessing = 0;
		};
/* End PBXSourcesBuildPhase section */

/* Begin PBXVariantGroup section */
		7BD06C112450414900355158 /* LaunchScreen.storyboard */ = {
			isa = PBXVariantGroup;
			children = (
				7BD06C122450414900355158 /* Base */,
			);
			name = LaunchScreen.storyboard;
			sourceTree = "<group>";
		};
/* End PBXVariantGroup section */

/* Begin XCBuildConfiguration section */
		7BD06C152450414900355158 /* Debug */ = {
			isa = XCBuildConfiguration;
			buildSettings = {
				ALWAYS_SEARCH_USER_PATHS = NO;
				CLANG_ANALYZER_NONNULL = YES;
				CLANG_ANALYZER_NUMBER_OBJECT_CONVERSION = YES_AGGRESSIVE;
				CLANG_CXX_LANGUAGE_STANDARD = "gnu++14";
				CLANG_CXX_LIBRARY = "libc++";
				CLANG_ENABLE_MODULES = YES;
				CLANG_ENABLE_OBJC_ARC = YES;
				CLANG_ENABLE_OBJC_WEAK = YES;
				CLANG_WARN_BLOCK_CAPTURE_AUTORELEASING = YES;
				CLANG_WARN_BOOL_CONVERSION = YES;
				CLANG_WARN_COMMA = YES;
				CLANG_WARN_CONSTANT_CONVERSION = YES;
				CLANG_WARN_DEPRECATED_OBJC_IMPLEMENTATIONS = YES;
				CLANG_WARN_DIRECT_OBJC_ISA_USAGE = YES_ERROR;
				CLANG_WARN_DOCUMENTATION_COMMENTS = YES;
				CLANG_WARN_EMPTY_BODY = YES;
				CLANG_WARN_ENUM_CONVERSION = YES;
				CLANG_WARN_INFINITE_RECURSION = YES;
				CLANG_WARN_INT_CONVERSION = YES;
				CLANG_WARN_NON_LITERAL_NULL_CONVERSION = YES;
				CLANG_WARN_OBJC_IMPLICIT_RETAIN_SELF = YES;
				CLANG_WARN_OBJC_LITERAL_CONVERSION = YES;
				CLANG_WARN_OBJC_ROOT_CLASS = YES_ERROR;
				CLANG_WARN_RANGE_LOOP_ANALYSIS = YES;
				CLANG_WARN_STRICT_PROTOTYPES = YES;
				CLANG_WARN_SUSPICIOUS_MOVE = YES;
				CLANG_WARN_UNGUARDED_AVAILABILITY = YES_AGGRESSIVE;
				CLANG_WARN_UNREACHABLE_CODE = YES;
				CLANG_WARN__DUPLICATE_METHOD_MATCH = YES;
				COPY_PHASE_STRIP = NO;
				DEBUG_INFORMATION_FORMAT = dwarf;
				ENABLE_STRICT_OBJC_MSGSEND = YES;
				ENABLE_TESTABILITY = YES;
				GCC_C_LANGUAGE_STANDARD = gnu11;
				GCC_DYNAMIC_NO_PIC = NO;
				GCC_NO_COMMON_BLOCKS = YES;
				GCC_OPTIMIZATION_LEVEL = 0;
				GCC_PREPROCESSOR_DEFINITIONS = (
					"DEBUG=1",
					"$(inherited)",
				);
				GCC_WARN_64_TO_32_BIT_CONVERSION = YES;
				GCC_WARN_ABOUT_RETURN_TYPE = YES_ERROR;
				GCC_WARN_UNDECLARED_SELECTOR = YES;
				GCC_WARN_UNINITIALIZED_AUTOS = YES_AGGRESSIVE;
				GCC_WARN_UNUSED_FUNCTION = YES;
				GCC_WARN_UNUSED_VARIABLE = YES;
				IPHONEOS_DEPLOYMENT_TARGET = 13.4;
				MTL_ENABLE_DEBUG_INFO = INCLUDE_SOURCE;
				MTL_FAST_MATH = YES;
				ONLY_ACTIVE_ARCH = YES;
				SDKROOT = iphoneos;
				SWIFT_ACTIVE_COMPILATION_CONDITIONS = DEBUG;
				SWIFT_OPTIMIZATION_LEVEL = "-Onone";
			};
			name = Debug;
		};
		7BD06C162450414900355158 /* Release */ = {
			isa = XCBuildConfiguration;
			buildSettings = {
				ALWAYS_SEARCH_USER_PATHS = NO;
				CLANG_ANALYZER_NONNULL = YES;
				CLANG_ANALYZER_NUMBER_OBJECT_CONVERSION = YES_AGGRESSIVE;
				CLANG_CXX_LANGUAGE_STANDARD = "gnu++14";
				CLANG_CXX_LIBRARY = "libc++";
				CLANG_ENABLE_MODULES = YES;
				CLANG_ENABLE_OBJC_ARC = YES;
				CLANG_ENABLE_OBJC_WEAK = YES;
				CLANG_WARN_BLOCK_CAPTURE_AUTORELEASING = YES;
				CLANG_WARN_BOOL_CONVERSION = YES;
				CLANG_WARN_COMMA = YES;
				CLANG_WARN_CONSTANT_CONVERSION = YES;
				CLANG_WARN_DEPRECATED_OBJC_IMPLEMENTATIONS = YES;
				CLANG_WARN_DIRECT_OBJC_ISA_USAGE = YES_ERROR;
				CLANG_WARN_DOCUMENTATION_COMMENTS = YES;
				CLANG_WARN_EMPTY_BODY = YES;
				CLANG_WARN_ENUM_CONVERSION = YES;
				CLANG_WARN_INFINITE_RECURSION = YES;
				CLANG_WARN_INT_CONVERSION = YES;
				CLANG_WARN_NON_LITERAL_NULL_CONVERSION = YES;
				CLANG_WARN_OBJC_IMPLICIT_RETAIN_SELF = YES;
				CLANG_WARN_OBJC_LITERAL_CONVERSION = YES;
				CLANG_WARN_OBJC_ROOT_CLASS = YES_ERROR;
				CLANG_WARN_RANGE_LOOP_ANALYSIS = YES;
				CLANG_WARN_STRICT_PROTOTYPES = YES;
				CLANG_WARN_SUSPICIOUS_MOVE = YES;
				CLANG_WARN_UNGUARDED_AVAILABILITY = YES_AGGRESSIVE;
				CLANG_WARN_UNREACHABLE_CODE = YES;
				CLANG_WARN__DUPLICATE_METHOD_MATCH = YES;
				COPY_PHASE_STRIP = NO;
				DEBUG_INFORMATION_FORMAT = "dwarf-with-dsym";
				ENABLE_NS_ASSERTIONS = NO;
				ENABLE_STRICT_OBJC_MSGSEND = YES;
				GCC_C_LANGUAGE_STANDARD = gnu11;
				GCC_NO_COMMON_BLOCKS = YES;
				GCC_WARN_64_TO_32_BIT_CONVERSION = YES;
				GCC_WARN_ABOUT_RETURN_TYPE = YES_ERROR;
				GCC_WARN_UNDECLARED_SELECTOR = YES;
				GCC_WARN_UNINITIALIZED_AUTOS = YES_AGGRESSIVE;
				GCC_WARN_UNUSED_FUNCTION = YES;
				GCC_WARN_UNUSED_VARIABLE = YES;
				IPHONEOS_DEPLOYMENT_TARGET = 13.4;
				MTL_ENABLE_DEBUG_INFO = NO;
				MTL_FAST_MATH = YES;
				SDKROOT = iphoneos;
				SWIFT_COMPILATION_MODE = wholemodule;
				SWIFT_OPTIMIZATION_LEVEL = "-O";
				VALIDATE_PRODUCT = YES;
			};
			name = Release;
		};
		7BD06C182450414900355158 /* Debug */ = {
			isa = XCBuildConfiguration;
			buildSettings = {
				ASSETCATALOG_COMPILER_APPICON_NAME = AppIcon;
				CODE_SIGN_STYLE = Automatic;
				DEVELOPMENT_TEAM = 8AQ47Z9975;
				INFOPLIST_FILE = Water/Info.plist;
				LD_RUNPATH_SEARCH_PATHS = (
					"$(inherited)",
					"@executable_path/Frameworks",
				);
				PRODUCT_BUNDLE_IDENTIFIER = PanyKing.Water;
				PRODUCT_NAME = "$(TARGET_NAME)";
				SWIFT_OBJC_BRIDGING_HEADER = Water/Objc_bridge.h;
				SWIFT_VERSION = 5.0;
				TARGETED_DEVICE_FAMILY = 1;
			};
			name = Debug;
		};
		7BD06C192450414900355158 /* Release */ = {
			isa = XCBuildConfiguration;
			buildSettings = {
				ASSETCATALOG_COMPILER_APPICON_NAME = AppIcon;
				CODE_SIGN_STYLE = Automatic;
				DEVELOPMENT_TEAM = 8AQ47Z9975;
				INFOPLIST_FILE = Water/Info.plist;
				LD_RUNPATH_SEARCH_PATHS = (
					"$(inherited)",
					"@executable_path/Frameworks",
				);
				PRODUCT_BUNDLE_IDENTIFIER = PanyKing.Water;
				PRODUCT_NAME = "$(TARGET_NAME)";
				SWIFT_OBJC_BRIDGING_HEADER = Water/Objc_bridge.h;
				SWIFT_VERSION = 5.0;
				TARGETED_DEVICE_FAMILY = 1;
			};
			name = Release;
		};
/* End XCBuildConfiguration section */

/* Begin XCConfigurationList section */
		7BD06BFE2450414800355158 /* Build configuration list for PBXProject "Water" */ = {
			isa = XCConfigurationList;
			buildConfigurations = (
				7BD06C152450414900355158 /* Debug */,
				7BD06C162450414900355158 /* Release */,
			);
			defaultConfigurationIsVisible = 0;
			defaultConfigurationName = Release;
		};
		7BD06C172450414900355158 /* Build configuration list for PBXNativeTarget "Water" */ = {
			isa = XCConfigurationList;
			buildConfigurations = (
				7BD06C182450414900355158 /* Debug */,
				7BD06C192450414900355158 /* Release */,
			);
			defaultConfigurationIsVisible = 0;
			defaultConfigurationName = Release;
		};
/* End XCConfigurationList section */
	};
	rootObject = 7BD06BFB2450414800355158 /* Project object */;
}
